
Microsoft Visual Studio Solution File, Format Version 12.00
# Visual Studio Version 17
VisualStudioVersion = 17.4.33103.184
MinimumVisualStudioVersion = 10.0.40219.1
Project("{FAE04EC0-301F-11D3-BF4B-00C04F79EFBC}") = "Tarea_2", "Tarea_2\Tarea_2.csproj", "{7D3488B6-C487-4A62-B220-729209D01B0C}"
EndProject
Global
	GlobalSection(SolutionConfigurationPlatforms) = preSolution
		Debug|Any CPU = Debug|Any CPU
		Release|Any CPU = Release|Any CPU
	EndGlobalSection
	GlobalSection(ProjectConfigurationPlatforms) = postSolution
		{7D3488B6-C487-4A62-B220-729209D01B0C}.Debug|Any CPU.ActiveCfg = Debug|Any CPU
		{7D3488B6-C487-4A62-B220-729209D01B0C}.Debug|Any CPU.Build.0 = Debug|Any CPU
		{7D3488B6-C487-4A62-B220-729209D01B0C}.Release|Any CPU.ActiveCfg = Release|Any CPU
		{7D3488B6-C487-4A62-B220-729209D01B0C}.Release|Any CPU.Build.0 = Release|Any CPU
	EndGlobalSection
	GlobalSection(SolutionProperties) = preSolution
		HideSolutionNode = FALSE
	EndGlobalSection
	GlobalSection(ExtensibilityGlobals) = postSolution
		SolutionGuid = {C9C3CF5B-BC7C-4D59-B675-A191D779EAC1}
	EndGlobalSection
EndGlobal
