
Microsoft Visual Studio Solution File, Format Version 12.00
# Visual Studio Version 17
VisualStudioVersion = 17.4.33103.184
MinimumVisualStudioVersion = 10.0.40219.1
Project("{FAE04EC0-301F-11D3-BF4B-00C04F79EFBC}") = "Tarea_5", "Tarea_5\Tarea_5.csproj", "{40948202-11EF-4490-9DB7-6E7C980ABA3F}"
EndProject
Global
	GlobalSection(SolutionConfigurationPlatforms) = preSolution
		Debug|Any CPU = Debug|Any CPU
		Release|Any CPU = Release|Any CPU
	EndGlobalSection
	GlobalSection(ProjectConfigurationPlatforms) = postSolution
		{40948202-11EF-4490-9DB7-6E7C980ABA3F}.Debug|Any CPU.ActiveCfg = Debug|Any CPU
		{40948202-11EF-4490-9DB7-6E7C980ABA3F}.Debug|Any CPU.Build.0 = Debug|Any CPU
		{40948202-11EF-4490-9DB7-6E7C980ABA3F}.Release|Any CPU.ActiveCfg = Release|Any CPU
		{40948202-11EF-4490-9DB7-6E7C980ABA3F}.Release|Any CPU.Build.0 = Release|Any CPU
	EndGlobalSection
	GlobalSection(SolutionProperties) = preSolution
		HideSolutionNode = FALSE
	EndGlobalSection
	GlobalSection(ExtensibilityGlobals) = postSolution
		SolutionGuid = {55CC3434-0CD1-4DA6-91A2-A3E8B97947D4}
	EndGlobalSection
EndGlobal
