
Microsoft Visual Studio Solution File, Format Version 12.00
# Visual Studio Version 17
VisualStudioVersion = 17.4.33103.184
MinimumVisualStudioVersion = 10.0.40219.1
Project("{FAE04EC0-301F-11D3-BF4B-00C04F79EFBC}") = "Tarea_3", "Tarea_3\Tarea_3.csproj", "{B50DC1B9-0B10-4952-B53F-BDA61D86AC05}"
EndProject
Global
	GlobalSection(SolutionConfigurationPlatforms) = preSolution
		Debug|Any CPU = Debug|Any CPU
		Release|Any CPU = Release|Any CPU
	EndGlobalSection
	GlobalSection(ProjectConfigurationPlatforms) = postSolution
		{B50DC1B9-0B10-4952-B53F-BDA61D86AC05}.Debug|Any CPU.ActiveCfg = Debug|Any CPU
		{B50DC1B9-0B10-4952-B53F-BDA61D86AC05}.Debug|Any CPU.Build.0 = Debug|Any CPU
		{B50DC1B9-0B10-4952-B53F-BDA61D86AC05}.Release|Any CPU.ActiveCfg = Release|Any CPU
		{B50DC1B9-0B10-4952-B53F-BDA61D86AC05}.Release|Any CPU.Build.0 = Release|Any CPU
	EndGlobalSection
	GlobalSection(SolutionProperties) = preSolution
		HideSolutionNode = FALSE
	EndGlobalSection
	GlobalSection(ExtensibilityGlobals) = postSolution
		SolutionGuid = {069ABF63-602A-4743-BB8F-BE6CCF4E3297}
	EndGlobalSection
EndGlobal
