
Microsoft Visual Studio Solution File, Format Version 12.00
# Visual Studio Version 17
VisualStudioVersion = 17.4.33103.184
MinimumVisualStudioVersion = 10.0.40219.1
Project("{FAE04EC0-301F-11D3-BF4B-00C04F79EFBC}") = "Tarea_3", "Tarea_3\Tarea_3.csproj", "{DC15CC9F-1109-4CD3-B2D2-C4DBF42895A4}"
EndProject
Global
	GlobalSection(SolutionConfigurationPlatforms) = preSolution
		Debug|Any CPU = Debug|Any CPU
		Release|Any CPU = Release|Any CPU
	EndGlobalSection
	GlobalSection(ProjectConfigurationPlatforms) = postSolution
		{DC15CC9F-1109-4CD3-B2D2-C4DBF42895A4}.Debug|Any CPU.ActiveCfg = Debug|Any CPU
		{DC15CC9F-1109-4CD3-B2D2-C4DBF42895A4}.Debug|Any CPU.Build.0 = Debug|Any CPU
		{DC15CC9F-1109-4CD3-B2D2-C4DBF42895A4}.Release|Any CPU.ActiveCfg = Release|Any CPU
		{DC15CC9F-1109-4CD3-B2D2-C4DBF42895A4}.Release|Any CPU.Build.0 = Release|Any CPU
	EndGlobalSection
	GlobalSection(SolutionProperties) = preSolution
		HideSolutionNode = FALSE
	EndGlobalSection
	GlobalSection(ExtensibilityGlobals) = postSolution
		SolutionGuid = {BA6AE0DF-C732-4724-A1C4-185E4E3FDD0F}
	EndGlobalSection
EndGlobal
